// !$*UTF8*$!
{
	archiveVersion = 1;
	classes = {
	};
	objectVersion = 46;
	objects = {

/* Begin PBXBuildFile section */
		10A22FEE53F0000EED135FA5 /* Pods.framework in Frameworks */ = {isa = PBXBuildFile; fileRef = 7C3937650E64EB05E0EC09BB /* Pods.framework */; };
		A806EDEE1C86114E007A837B /* Constants.swift in Sources */ = {isa = PBXBuildFile; fileRef = A806EDED1C86114E007A837B /* Constants.swift */; };
		A840DC131C85E32300246431 /* PokemonDetailVCViewController.swift in Sources */ = {isa = PBXBuildFile; fileRef = A840DC121C85E32300246431 /* PokemonDetailVCViewController.swift */; };
		A8F015541C845B3700491997 /* AppDelegate.swift in Sources */ = {isa = PBXBuildFile; fileRef = A8F015531C845B3700491997 /* AppDelegate.swift */; };
		A8F015561C845B3700491997 /* ViewController.swift in Sources */ = {isa = PBXBuildFile; fileRef = A8F015551C845B3700491997 /* ViewController.swift */; };
		A8F015591C845B3700491997 /* Main.storyboard in Resources */ = {isa = PBXBuildFile; fileRef = A8F015571C845B3700491997 /* Main.storyboard */; };
		A8F0155B1C845B3700491997 /* Assets.xcassets in Resources */ = {isa = PBXBuildFile; fileRef = A8F0155A1C845B3700491997 /* Assets.xcassets */; };
		A8F0155E1C845B3700491997 /* LaunchScreen.storyboard in Resources */ = {isa = PBXBuildFile; fileRef = A8F0155C1C845B3700491997 /* LaunchScreen.storyboard */; };
		A8F015691C845B3700491997 /* PokedexTests.swift in Sources */ = {isa = PBXBuildFile; fileRef = A8F015681C845B3700491997 /* PokedexTests.swift */; };
		A8F015741C845B3700491997 /* PokedexUITests.swift in Sources */ = {isa = PBXBuildFile; fileRef = A8F015731C845B3700491997 /* PokedexUITests.swift */; };
		A8F015821C845FE400491997 /* pokemon.csv in Resources */ = {isa = PBXBuildFile; fileRef = A8F015811C845FE400491997 /* pokemon.csv */; };
		A8F015851C84623900491997 /* Pokemon.swift in Sources */ = {isa = PBXBuildFile; fileRef = A8F015841C84623900491997 /* Pokemon.swift */; };
		A8F015881C846CE300491997 /* PokeCell.swift in Sources */ = {isa = PBXBuildFile; fileRef = A8F015871C846CE300491997 /* PokeCell.swift */; };
		A8F0158A1C847C5400491997 /* csv.swift in Sources */ = {isa = PBXBuildFile; fileRef = A8F015891C847C5400491997 /* csv.swift */; };
		A8F0158F1C8482BD00491997 /* Pokemon.ttf in Resources */ = {isa = PBXBuildFile; fileRef = A8F0158E1C8482BD00491997 /* Pokemon.ttf */; };
		A8F015911C84867600491997 /* music.mp3 in Resources */ = {isa = PBXBuildFile; fileRef = A8F015901C84867600491997 /* music.mp3 */; };
/* End PBXBuildFile section */

/* Begin PBXContainerItemProxy section */
		A8F015651C845B3700491997 /* PBXContainerItemProxy */ = {
			isa = PBXContainerItemProxy;
			containerPortal = A8F015481C845B3700491997 /* Project object */;
			proxyType = 1;
			remoteGlobalIDString = A8F0154F1C845B3700491997;
			remoteInfo = Pokedex;
		};
		A8F015701C845B3700491997 /* PBXContainerItemProxy */ = {
			isa = PBXContainerItemProxy;
			containerPortal = A8F015481C845B3700491997 /* Project object */;
			proxyType = 1;
			remoteGlobalIDString = A8F0154F1C845B3700491997;
			remoteInfo = Pokedex;
		};
/* End PBXContainerItemProxy section */

/* Begin PBXFileReference section */
		2C8EC2BF15D0CD6254A4E48E /* Pods.debug.xcconfig */ = {isa = PBXFileReference; includeInIndex = 1; lastKnownFileType = text.xcconfig; name = Pods.debug.xcconfig; path = "Pods/Target Support Files/Pods/Pods.debug.xcconfig"; sourceTree = "<group>"; };
		7C3937650E64EB05E0EC09BB /* Pods.framework */ = {isa = PBXFileReference; explicitFileType = wrapper.framework; includeInIndex = 0; path = Pods.framework; sourceTree = BUILT_PRODUCTS_DIR; };
		80D4AABCA21DF3E148E47BE0 /* Pods.release.xcconfig */ = {isa = PBXFileReference; includeInIndex = 1; lastKnownFileType = text.xcconfig; name = Pods.release.xcconfig; path = "Pods/Target Support Files/Pods/Pods.release.xcconfig"; sourceTree = "<group>"; };
		A806EDED1C86114E007A837B /* Constants.swift */ = {isa = PBXFileReference; fileEncoding = 4; lastKnownFileType = sourcecode.swift; path = Constants.swift; sourceTree = "<group>"; };
		A840DC121C85E32300246431 /* PokemonDetailVCViewController.swift */ = {isa = PBXFileReference; fileEncoding = 4; lastKnownFileType = sourcecode.swift; path = PokemonDetailVCViewController.swift; sourceTree = "<group>"; };
		A8F015501C845B3700491997 /* Pokedex.app */ = {isa = PBXFileReference; explicitFileType = wrapper.application; includeInIndex = 0; path = Pokedex.app; sourceTree = BUILT_PRODUCTS_DIR; };
		A8F015531C845B3700491997 /* AppDelegate.swift */ = {isa = PBXFileReference; lastKnownFileType = sourcecode.swift; path = AppDelegate.swift; sourceTree = "<group>"; };
		A8F015551C845B3700491997 /* ViewController.swift */ = {isa = PBXFileReference; lastKnownFileType = sourcecode.swift; path = ViewController.swift; sourceTree = "<group>"; };
		A8F015581C845B3700491997 /* Base */ = {isa = PBXFileReference; lastKnownFileType = file.storyboard; name = Base; path = Base.lproj/Main.storyboard; sourceTree = "<group>"; };
		A8F0155A1C845B3700491997 /* Assets.xcassets */ = {isa = PBXFileReference; lastKnownFileType = folder.assetcatalog; path = Assets.xcassets; sourceTree = "<group>"; };
		A8F0155D1C845B3700491997 /* Base */ = {isa = PBXFileReference; lastKnownFileType = file.storyboard; name = Base; path = Base.lproj/LaunchScreen.storyboard; sourceTree = "<group>"; };
		A8F0155F1C845B3700491997 /* Info.plist */ = {isa = PBXFileReference; lastKnownFileType = text.plist.xml; path = Info.plist; sourceTree = "<group>"; };
		A8F015641C845B3700491997 /* PokedexTests.xctest */ = {isa = PBXFileReference; explicitFileType = wrapper.cfbundle; includeInIndex = 0; path = PokedexTests.xctest; sourceTree = BUILT_PRODUCTS_DIR; };
		A8F015681C845B3700491997 /* PokedexTests.swift */ = {isa = PBXFileReference; lastKnownFileType = sourcecode.swift; path = PokedexTests.swift; sourceTree = "<group>"; };
		A8F0156A1C845B3700491997 /* Info.plist */ = {isa = PBXFileReference; lastKnownFileType = text.plist.xml; path = Info.plist; sourceTree = "<group>"; };
		A8F0156F1C845B3700491997 /* PokedexUITests.xctest */ = {isa = PBXFileReference; explicitFileType = wrapper.cfbundle; includeInIndex = 0; path = PokedexUITests.xctest; sourceTree = BUILT_PRODUCTS_DIR; };
		A8F015731C845B3700491997 /* PokedexUITests.swift */ = {isa = PBXFileReference; lastKnownFileType = sourcecode.swift; path = PokedexUITests.swift; sourceTree = "<group>"; };
		A8F015751C845B3700491997 /* Info.plist */ = {isa = PBXFileReference; lastKnownFileType = text.plist.xml; path = Info.plist; sourceTree = "<group>"; };
		A8F015811C845FE400491997 /* pokemon.csv */ = {isa = PBXFileReference; fileEncoding = 4; lastKnownFileType = text; path = pokemon.csv; sourceTree = "<group>"; };
		A8F015841C84623900491997 /* Pokemon.swift */ = {isa = PBXFileReference; fileEncoding = 4; lastKnownFileType = sourcecode.swift; path = Pokemon.swift; sourceTree = "<group>"; };
		A8F015871C846CE300491997 /* PokeCell.swift */ = {isa = PBXFileReference; fileEncoding = 4; lastKnownFileType = sourcecode.swift; path = PokeCell.swift; sourceTree = "<group>"; };
		A8F015891C847C5400491997 /* csv.swift */ = {isa = PBXFileReference; fileEncoding = 4; lastKnownFileType = sourcecode.swift; path = csv.swift; sourceTree = "<group>"; };
		A8F0158E1C8482BD00491997 /* Pokemon.ttf */ = {isa = PBXFileReference; lastKnownFileType = file; path = Pokemon.ttf; sourceTree = "<group>"; };
		A8F015901C84867600491997 /* music.mp3 */ = {isa = PBXFileReference; lastKnownFileType = audio.mp3; path = music.mp3; sourceTree = "<group>"; };
/* End PBXFileReference section */

/* Begin PBXFrameworksBuildPhase section */
		A8F0154D1C845B3700491997 /* Frameworks */ = {
			isa = PBXFrameworksBuildPhase;
			buildActionMask = 2147483647;
			files = (
				10A22FEE53F0000EED135FA5 /* Pods.framework in Frameworks */,
			);
			runOnlyForDeploymentPostprocessing = 0;
		};
		A8F015611C845B3700491997 /* Frameworks */ = {
			isa = PBXFrameworksBuildPhase;
			buildActionMask = 2147483647;
			files = (
			);
			runOnlyForDeploymentPostprocessing = 0;
		};
		A8F0156C1C845B3700491997 /* Frameworks */ = {
			isa = PBXFrameworksBuildPhase;
			buildActionMask = 2147483647;
			files = (
			);
			runOnlyForDeploymentPostprocessing = 0;
		};
/* End PBXFrameworksBuildPhase section */

/* Begin PBXGroup section */
		A8F015471C845B3700491997 = {
			isa = PBXGroup;
			children = (
				A8F015521C845B3700491997 /* Pokedex */,
				A8F015671C845B3700491997 /* PokedexTests */,
				A8F015721C845B3700491997 /* PokedexUITests */,
				A8F015511C845B3700491997 /* Products */,
				EF71293A92CE0FB0668D3CFB /* Pods */,
				BE4D765555774D254DA48DE1 /* Frameworks */,
			);
			sourceTree = "<group>";
		};
		A8F015511C845B3700491997 /* Products */ = {
			isa = PBXGroup;
			children = (
				A8F015501C845B3700491997 /* Pokedex.app */,
				A8F015641C845B3700491997 /* PokedexTests.xctest */,
				A8F0156F1C845B3700491997 /* PokedexUITests.xctest */,
			);
			name = Products;
			sourceTree = "<group>";
		};
		A8F015521C845B3700491997 /* Pokedex */ = {
			isa = PBXGroup;
			children = (
				A8F015831C84622500491997 /* Model */,
				A8F015861C846CC400491997 /* View */,
				A8F0158C1C847C9900491997 /* Controller */,
				A8F0158D1C847CBA00491997 /* Resources */,
				A8F0158B1C847C7A00491997 /* Utils */,
				A8F015531C845B3700491997 /* AppDelegate.swift */,
				A8F015571C845B3700491997 /* Main.storyboard */,
				A8F0155A1C845B3700491997 /* Assets.xcassets */,
				A8F0155C1C845B3700491997 /* LaunchScreen.storyboard */,
				A8F0155F1C845B3700491997 /* Info.plist */,
			);
			path = Pokedex;
			sourceTree = "<group>";
		};
		A8F015671C845B3700491997 /* PokedexTests */ = {
			isa = PBXGroup;
			children = (
				A8F015681C845B3700491997 /* PokedexTests.swift */,
				A8F0156A1C845B3700491997 /* Info.plist */,
			);
			path = PokedexTests;
			sourceTree = "<group>";
		};
		A8F015721C845B3700491997 /* PokedexUITests */ = {
			isa = PBXGroup;
			children = (
				A8F015731C845B3700491997 /* PokedexUITests.swift */,
				A8F015751C845B3700491997 /* Info.plist */,
			);
			path = PokedexUITests;
			sourceTree = "<group>";
		};
		A8F015831C84622500491997 /* Model */ = {
			isa = PBXGroup;
			children = (
				A8F015841C84623900491997 /* Pokemon.swift */,
			);
			name = Model;
			sourceTree = "<group>";
		};
		A8F015861C846CC400491997 /* View */ = {
			isa = PBXGroup;
			children = (
				A8F015871C846CE300491997 /* PokeCell.swift */,
			);
			name = View;
			sourceTree = "<group>";
		};
		A8F0158B1C847C7A00491997 /* Utils */ = {
			isa = PBXGroup;
			children = (
				A8F015891C847C5400491997 /* csv.swift */,
				A806EDED1C86114E007A837B /* Constants.swift */,
			);
			name = Utils;
			sourceTree = "<group>";
		};
		A8F0158C1C847C9900491997 /* Controller */ = {
			isa = PBXGroup;
			children = (
				A8F015551C845B3700491997 /* ViewController.swift */,
				A840DC121C85E32300246431 /* PokemonDetailVCViewController.swift */,
			);
			name = Controller;
			sourceTree = "<group>";
		};
		A8F0158D1C847CBA00491997 /* Resources */ = {
			isa = PBXGroup;
			children = (
				A8F015901C84867600491997 /* music.mp3 */,
				A8F0158E1C8482BD00491997 /* Pokemon.ttf */,
				A8F015811C845FE400491997 /* pokemon.csv */,
			);
			name = Resources;
			sourceTree = "<group>";
		};
		BE4D765555774D254DA48DE1 /* Frameworks */ = {
			isa = PBXGroup;
			children = (
				7C3937650E64EB05E0EC09BB /* Pods.framework */,
			);
			name = Frameworks;
			sourceTree = "<group>";
		};
		EF71293A92CE0FB0668D3CFB /* Pods */ = {
			isa = PBXGroup;
			children = (
				2C8EC2BF15D0CD6254A4E48E /* Pods.debug.xcconfig */,
				80D4AABCA21DF3E148E47BE0 /* Pods.release.xcconfig */,
			);
			name = Pods;
			sourceTree = "<group>";
		};
/* End PBXGroup section */

/* Begin PBXNativeTarget section */
		A8F0154F1C845B3700491997 /* Pokedex */ = {
			isa = PBXNativeTarget;
			buildConfigurationList = A8F015781C845B3700491997 /* Build configuration list for PBXNativeTarget "Pokedex" */;
			buildPhases = (
				FCD6657571E96AD434F1BB05 /* Check Pods Manifest.lock */,
				A8F0154C1C845B3700491997 /* Sources */,
				A8F0154D1C845B3700491997 /* Frameworks */,
				A8F0154E1C845B3700491997 /* Resources */,
				22A85B5DC405666CD130E8DE /* Embed Pods Frameworks */,
				084C60F3D233AC629623F10E /* Copy Pods Resources */,
			);
			buildRules = (
			);
			dependencies = (
			);
			name = Pokedex;
			productName = Pokedex;
			productReference = A8F015501C845B3700491997 /* Pokedex.app */;
			productType = "com.apple.product-type.application";
		};
		A8F015631C845B3700491997 /* PokedexTests */ = {
			isa = PBXNativeTarget;
			buildConfigurationList = A8F0157B1C845B3700491997 /* Build configuration list for PBXNativeTarget "PokedexTests" */;
			buildPhases = (
				A8F015601C845B3700491997 /* Sources */,
				A8F015611C845B3700491997 /* Frameworks */,
				A8F015621C845B3700491997 /* Resources */,
			);
			buildRules = (
			);
			dependencies = (
				A8F015661C845B3700491997 /* PBXTargetDependency */,
			);
			name = PokedexTests;
			productName = PokedexTests;
			productReference = A8F015641C845B3700491997 /* PokedexTests.xctest */;
			productType = "com.apple.product-type.bundle.unit-test";
		};
		A8F0156E1C845B3700491997 /* PokedexUITests */ = {
			isa = PBXNativeTarget;
			buildConfigurationList = A8F0157E1C845B3700491997 /* Build configuration list for PBXNativeTarget "PokedexUITests" */;
			buildPhases = (
				A8F0156B1C845B3700491997 /* Sources */,
				A8F0156C1C845B3700491997 /* Frameworks */,
				A8F0156D1C845B3700491997 /* Resources */,
			);
			buildRules = (
			);
			dependencies = (
				A8F015711C845B3700491997 /* PBXTargetDependency */,
			);
			name = PokedexUITests;
			productName = PokedexUITests;
			productReference = A8F0156F1C845B3700491997 /* PokedexUITests.xctest */;
			productType = "com.apple.product-type.bundle.ui-testing";
		};
/* End PBXNativeTarget section */

/* Begin PBXProject section */
		A8F015481C845B3700491997 /* Project object */ = {
			isa = PBXProject;
			attributes = {
				LastSwiftUpdateCheck = 0720;
				LastUpgradeCheck = 0720;
				ORGANIZATIONNAME = Benzino;
				TargetAttributes = {
					A8F0154F1C845B3700491997 = {
						CreatedOnToolsVersion = 7.2.1;
					};
					A8F015631C845B3700491997 = {
						CreatedOnToolsVersion = 7.2.1;
						TestTargetID = A8F0154F1C845B3700491997;
					};
					A8F0156E1C845B3700491997 = {
						CreatedOnToolsVersion = 7.2.1;
						TestTargetID = A8F0154F1C845B3700491997;
					};
				};
			};
			buildConfigurationList = A8F0154B1C845B3700491997 /* Build configuration list for PBXProject "Pokedex" */;
			compatibilityVersion = "Xcode 3.2";
			developmentRegion = English;
			hasScannedForEncodings = 0;
			knownRegions = (
				en,
				Base,
			);
			mainGroup = A8F015471C845B3700491997;
			productRefGroup = A8F015511C845B3700491997 /* Products */;
			projectDirPath = "";
			projectRoot = "";
			targets = (
				A8F0154F1C845B3700491997 /* Pokedex */,
				A8F015631C845B3700491997 /* PokedexTests */,
				A8F0156E1C845B3700491997 /* PokedexUITests */,
			);
		};
/* End PBXProject section */

/* Begin PBXResourcesBuildPhase section */
		A8F0154E1C845B3700491997 /* Resources */ = {
			isa = PBXResourcesBuildPhase;
			buildActionMask = 2147483647;
			files = (
				A8F0155E1C845B3700491997 /* LaunchScreen.storyboard in Resources */,
				A8F0158F1C8482BD00491997 /* Pokemon.ttf in Resources */,
				A8F015911C84867600491997 /* music.mp3 in Resources */,
				A8F0155B1C845B3700491997 /* Assets.xcassets in Resources */,
				A8F015821C845FE400491997 /* pokemon.csv in Resources */,
				A8F015591C845B3700491997 /* Main.storyboard in Resources */,
			);
			runOnlyForDeploymentPostprocessing = 0;
		};
		A8F015621C845B3700491997 /* Resources */ = {
			isa = PBXResourcesBuildPhase;
			buildActionMask = 2147483647;
			files = (
			);
			runOnlyForDeploymentPostprocessing = 0;
		};
		A8F0156D1C845B3700491997 /* Resources */ = {
			isa = PBXResourcesBuildPhase;
			buildActionMask = 2147483647;
			files = (
			);
			runOnlyForDeploymentPostprocessing = 0;
		};
/* End PBXResourcesBuildPhase section */

/* Begin PBXShellScriptBuildPhase section */
		084C60F3D233AC629623F10E /* Copy Pods Resources */ = {
			isa = PBXShellScriptBuildPhase;
			buildActionMask = 2147483647;
			files = (
			);
			inputPaths = (
			);
			name = "Copy Pods Resources";
			outputPaths = (
			);
			runOnlyForDeploymentPostprocessing = 0;
			shellPath = /bin/sh;
			shellScript = "\"${SRCROOT}/Pods/Target Support Files/Pods/Pods-resources.sh\"\n";
			showEnvVarsInLog = 0;
		};
		22A85B5DC405666CD130E8DE /* Embed Pods Frameworks */ = {
			isa = PBXShellScriptBuildPhase;
			buildActionMask = 2147483647;
			files = (
			);
			inputPaths = (
			);
			name = "Embed Pods Frameworks";
			outputPaths = (
			);
			runOnlyForDeploymentPostprocessing = 0;
			shellPath = /bin/sh;
			shellScript = "\"${SRCROOT}/Pods/Target Support Files/Pods/Pods-frameworks.sh\"\n";
			showEnvVarsInLog = 0;
		};
		FCD6657571E96AD434F1BB05 /* Check Pods Manifest.lock */ = {
			isa = PBXShellScriptBuildPhase;
			buildActionMask = 2147483647;
			files = (
			);
			inputPaths = (
			);
			name = "Check Pods Manifest.lock";
			outputPaths = (
			);
			runOnlyForDeploymentPostprocessing = 0;
			shellPath = /bin/sh;
			shellScript = "diff \"${PODS_ROOT}/../Podfile.lock\" \"${PODS_ROOT}/Manifest.lock\" > /dev/null\nif [[ $? != 0 ]] ; then\n    cat << EOM\nerror: The sandbox is not in sync with the Podfile.lock. Run 'pod install' or update your CocoaPods installation.\nEOM\n    exit 1\nfi\n";
			showEnvVarsInLog = 0;
		};
/* End PBXShellScriptBuildPhase section */

/* Begin PBXSourcesBuildPhase section */
		A8F0154C1C845B3700491997 /* Sources */ = {
			isa = PBXSourcesBuildPhase;
			buildActionMask = 2147483647;
			files = (
				A8F015561C845B3700491997 /* ViewController.swift in Sources */,
				A8F015541C845B3700491997 /* AppDelegate.swift in Sources */,
				A840DC131C85E32300246431 /* PokemonDetailVCViewController.swift in Sources */,
				A8F015881C846CE300491997 /* PokeCell.swift in Sources */,
				A806EDEE1C86114E007A837B /* Constants.swift in Sources */,
				A8F015851C84623900491997 /* Pokemon.swift in Sources */,
				A8F0158A1C847C5400491997 /* csv.swift in Sources */,
			);
			runOnlyForDeploymentPostprocessing = 0;
		};
		A8F015601C845B3700491997 /* Sources */ = {
			isa = PBXSourcesBuildPhase;
			buildActionMask = 2147483647;
			files = (
				A8F015691C845B3700491997 /* PokedexTests.swift in Sources */,
			);
			runOnlyForDeploymentPostprocessing = 0;
		};
		A8F0156B1C845B3700491997 /* Sources */ = {
			isa = PBXSourcesBuildPhase;
			buildActionMask = 2147483647;
			files = (
				A8F015741C845B3700491997 /* PokedexUITests.swift in Sources */,
			);
			runOnlyForDeploymentPostprocessing = 0;
		};
/* End PBXSourcesBuildPhase section */

/* Begin PBXTargetDependency section */
		A8F015661C845B3700491997 /* PBXTargetDependency */ = {
			isa = PBXTargetDependency;
			target = A8F0154F1C845B3700491997 /* Pokedex */;
			targetProxy = A8F015651C845B3700491997 /* PBXContainerItemProxy */;
		};
		A8F015711C845B3700491997 /* PBXTargetDependency */ = {
			isa = PBXTargetDependency;
			target = A8F0154F1C845B3700491997 /* Pokedex */;
			targetProxy = A8F015701C845B3700491997 /* PBXContainerItemProxy */;
		};
/* End PBXTargetDependency section */

/* Begin PBXVariantGroup section */
		A8F015571C845B3700491997 /* Main.storyboard */ = {
			isa = PBXVariantGroup;
			children = (
				A8F015581C845B3700491997 /* Base */,
			);
			name = Main.storyboard;
			sourceTree = "<group>";
		};
		A8F0155C1C845B3700491997 /* LaunchScreen.storyboard */ = {
			isa = PBXVariantGroup;
			children = (
				A8F0155D1C845B3700491997 /* Base */,
			);
			name = LaunchScreen.storyboard;
			sourceTree = "<group>";
		};
/* End PBXVariantGroup section */

/* Begin XCBuildConfiguration section */
		A8F015761C845B3700491997 /* Debug */ = {
			isa = XCBuildConfiguration;
			buildSettings = {
				ALWAYS_SEARCH_USER_PATHS = NO;
				CLANG_CXX_LANGUAGE_STANDARD = "gnu++0x";
				CLANG_CXX_LIBRARY = "libc++";
				CLANG_ENABLE_MODULES = YES;
				CLANG_ENABLE_OBJC_ARC = YES;
				CLANG_WARN_BOOL_CONVERSION = YES;
				CLANG_WARN_CONSTANT_CONVERSION = YES;
				CLANG_WARN_DIRECT_OBJC_ISA_USAGE = YES_ERROR;
				CLANG_WARN_EMPTY_BODY = YES;
				CLANG_WARN_ENUM_CONVERSION = YES;
				CLANG_WARN_INT_CONVERSION = YES;
				CLANG_WARN_OBJC_ROOT_CLASS = YES_ERROR;
				CLANG_WARN_UNREACHABLE_CODE = YES;
				CLANG_WARN__DUPLICATE_METHOD_MATCH = YES;
				"CODE_SIGN_IDENTITY[sdk=iphoneos*]" = "iPhone Developer";
				COPY_PHASE_STRIP = NO;
				DEBUG_INFORMATION_FORMAT = dwarf;
				ENABLE_STRICT_OBJC_MSGSEND = YES;
				ENABLE_TESTABILITY = YES;
				GCC_C_LANGUAGE_STANDARD = gnu99;
				GCC_DYNAMIC_NO_PIC = NO;
				GCC_NO_COMMON_BLOCKS = YES;
				GCC_OPTIMIZATION_LEVEL = 0;
				GCC_PREPROCESSOR_DEFINITIONS = (
					"DEBUG=1",
					"$(inherited)",
				);
				GCC_WARN_64_TO_32_BIT_CONVERSION = YES;
				GCC_WARN_ABOUT_RETURN_TYPE = YES_ERROR;
				GCC_WARN_UNDECLARED_SELECTOR = YES;
				GCC_WARN_UNINITIALIZED_AUTOS = YES_AGGRESSIVE;
				GCC_WARN_UNUSED_FUNCTION = YES;
				GCC_WARN_UNUSED_VARIABLE = YES;
				IPHONEOS_DEPLOYMENT_TARGET = 9.2;
				MTL_ENABLE_DEBUG_INFO = YES;
				ONLY_ACTIVE_ARCH = YES;
				SDKROOT = iphoneos;
				SWIFT_OPTIMIZATION_LEVEL = "-Onone";
				TARGETED_DEVICE_FAMILY = "1,2";
			};
			name = Debug;
		};
		A8F015771C845B3700491997 /* Release */ = {
			isa = XCBuildConfiguration;
			buildSettings = {
				ALWAYS_SEARCH_USER_PATHS = NO;
				CLANG_CXX_LANGUAGE_STANDARD = "gnu++0x";
				CLANG_CXX_LIBRARY = "libc++";
				CLANG_ENABLE_MODULES = YES;
				CLANG_ENABLE_OBJC_ARC = YES;
				CLANG_WARN_BOOL_CONVERSION = YES;
				CLANG_WARN_CONSTANT_CONVERSION = YES;
				CLANG_WARN_DIRECT_OBJC_ISA_USAGE = YES_ERROR;
				CLANG_WARN_EMPTY_BODY = YES;
				CLANG_WARN_ENUM_CONVERSION = YES;
				CLANG_WARN_INT_CONVERSION = YES;
				CLANG_WARN_OBJC_ROOT_CLASS = YES_ERROR;
				CLANG_WARN_UNREACHABLE_CODE = YES;
				CLANG_WARN__DUPLICATE_METHOD_MATCH = YES;
				"CODE_SIGN_IDENTITY[sdk=iphoneos*]" = "iPhone Developer";
				COPY_PHASE_STRIP = NO;
				DEBUG_INFORMATION_FORMAT = "dwarf-with-dsym";
				ENABLE_NS_ASSERTIONS = NO;
				ENABLE_STRICT_OBJC_MSGSEND = YES;
				GCC_C_LANGUAGE_STANDARD = gnu99;
				GCC_NO_COMMON_BLOCKS = YES;
				GCC_WARN_64_TO_32_BIT_CONVERSION = YES;
				GCC_WARN_ABOUT_RETURN_TYPE = YES_ERROR;
				GCC_WARN_UNDECLARED_SELECTOR = YES;
				GCC_WARN_UNINITIALIZED_AUTOS = YES_AGGRESSIVE;
				GCC_WARN_UNUSED_FUNCTION = YES;
				GCC_WARN_UNUSED_VARIABLE = YES;
				IPHONEOS_DEPLOYMENT_TARGET = 9.2;
				MTL_ENABLE_DEBUG_INFO = NO;
				SDKROOT = iphoneos;
				TARGETED_DEVICE_FAMILY = "1,2";
				VALIDATE_PRODUCT = YES;
			};
			name = Release;
		};
		A8F015791C845B3700491997 /* Debug */ = {
			isa = XCBuildConfiguration;
			baseConfigurationReference = 2C8EC2BF15D0CD6254A4E48E /* Pods.debug.xcconfig */;
			buildSettings = {
				ASSETCATALOG_COMPILER_APPICON_NAME = AppIcon;
				INFOPLIST_FILE = Pokedex/Info.plist;
				LD_RUNPATH_SEARCH_PATHS = "$(inherited) @executable_path/Frameworks";
				PRODUCT_BUNDLE_IDENTIFIER = com.benzino.Pokedex;
				PRODUCT_NAME = "$(TARGET_NAME)";
			};
			name = Debug;
		};
		A8F0157A1C845B3700491997 /* Release */ = {
			isa = XCBuildConfiguration;
			baseConfigurationReference = 80D4AABCA21DF3E148E47BE0 /* Pods.release.xcconfig */;
			buildSettings = {
				ASSETCATALOG_COMPILER_APPICON_NAME = AppIcon;
				INFOPLIST_FILE = Pokedex/Info.plist;
				LD_RUNPATH_SEARCH_PATHS = "$(inherited) @executable_path/Frameworks";
				PRODUCT_BUNDLE_IDENTIFIER = com.benzino.Pokedex;
				PRODUCT_NAME = "$(TARGET_NAME)";
			};
			name = Release;
		};
		A8F0157C1C845B3700491997 /* Debug */ = {
			isa = XCBuildConfiguration;
			buildSettings = {
				BUNDLE_LOADER = "$(TEST_HOST)";
				INFOPLIST_FILE = PokedexTests/Info.plist;
				LD_RUNPATH_SEARCH_PATHS = "$(inherited) @executable_path/Frameworks @loader_path/Frameworks";
				PRODUCT_BUNDLE_IDENTIFIER = com.benzino.PokedexTests;
				PRODUCT_NAME = "$(TARGET_NAME)";
				TEST_HOST = "$(BUILT_PRODUCTS_DIR)/Pokedex.app/Pokedex";
			};
			name = Debug;
		};
		A8F0157D1C845B3700491997 /* Release */ = {
			isa = XCBuildConfiguration;
			buildSettings = {
				BUNDLE_LOADER = "$(TEST_HOST)";
				INFOPLIST_FILE = PokedexTests/Info.plist;
				LD_RUNPATH_SEARCH_PATHS = "$(inherited) @executable_path/Frameworks @loader_path/Frameworks";
				PRODUCT_BUNDLE_IDENTIFIER = com.benzino.PokedexTests;
				PRODUCT_NAME = "$(TARGET_NAME)";
				TEST_HOST = "$(BUILT_PRODUCTS_DIR)/Pokedex.app/Pokedex";
			};
			name = Release;
		};
		A8F0157F1C845B3700491997 /* Debug */ = {
			isa = XCBuildConfiguration;
			buildSettings = {
				INFOPLIST_FILE = PokedexUITests/Info.plist;
				LD_RUNPATH_SEARCH_PATHS = "$(inherited) @executable_path/Frameworks @loader_path/Frameworks";
				PRODUCT_BUNDLE_IDENTIFIER = com.benzino.PokedexUITests;
				PRODUCT_NAME = "$(TARGET_NAME)";
				TEST_TARGET_NAME = Pokedex;
				USES_XCTRUNNER = YES;
			};
			name = Debug;
		};
		A8F015801C845B3700491997 /* Release */ = {
			isa = XCBuildConfiguration;
			buildSettings = {
				INFOPLIST_FILE = PokedexUITests/Info.plist;
				LD_RUNPATH_SEARCH_PATHS = "$(inherited) @executable_path/Frameworks @loader_path/Frameworks";
				PRODUCT_BUNDLE_IDENTIFIER = com.benzino.PokedexUITests;
				PRODUCT_NAME = "$(TARGET_NAME)";
				TEST_TARGET_NAME = Pokedex;
				USES_XCTRUNNER = YES;
			};
			name = Release;
		};
/* End XCBuildConfiguration section */

/* Begin XCConfigurationList section */
		A8F0154B1C845B3700491997 /* Build configuration list for PBXProject "Pokedex" */ = {
			isa = XCConfigurationList;
			buildConfigurations = (
				A8F015761C845B3700491997 /* Debug */,
				A8F015771C845B3700491997 /* Release */,
			);
			defaultConfigurationIsVisible = 0;
			defaultConfigurationName = Release;
		};
		A8F015781C845B3700491997 /* Build configuration list for PBXNativeTarget "Pokedex" */ = {
			isa = XCConfigurationList;
			buildConfigurations = (
				A8F015791C845B3700491997 /* Debug */,
				A8F0157A1C845B3700491997 /* Release */,
			);
			defaultConfigurationIsVisible = 0;
			defaultConfigurationName = Release;
		};
		A8F0157B1C845B3700491997 /* Build configuration list for PBXNativeTarget "PokedexTests" */ = {
			isa = XCConfigurationList;
			buildConfigurations = (
				A8F0157C1C845B3700491997 /* Debug */,
				A8F0157D1C845B3700491997 /* Release */,
			);
			defaultConfigurationIsVisible = 0;
			defaultConfigurationName = Release;
		};
		A8F0157E1C845B3700491997 /* Build configuration list for PBXNativeTarget "PokedexUITests" */ = {
			isa = XCConfigurationList;
			buildConfigurations = (
				A8F0157F1C845B3700491997 /* Debug */,
				A8F015801C845B3700491997 /* Release */,
			);
			defaultConfigurationIsVisible = 0;
			defaultConfigurationName = Release;
		};
/* End XCConfigurationList section */
	};
	rootObject = A8F015481C845B3700491997 /* Project object */;
}
